{
  "name": "HomeBanking",
  "lockfileVersion": 3,
  "requires": true,
  "packages": {
    "": {
      "dependencies": {
        "i18n": "^0.15.1"
      }
    },
    "node_modules/@messageformat/core": {
      "version": "3.1.0",
      "resolved": "https://registry.npmjs.org/@messageformat/core/-/core-3.1.0.tgz",
      "integrity": "sha512-UxAnjecnRG4u2iaggwIyylYPHmk5BTErJcKmWyAKTXqYgSW1bFLp4D7fIzuh6bk17Qfcmf3qtufdrstCB23nBA==",
      "dependencies": {
        "@messageformat/date-skeleton": "^1.0.0",
        "@messageformat/number-skeleton": "^1.0.0",
        "@messageformat/parser": "^5.0.0",
        "@messageformat/runtime": "^3.0.1",
        "make-plural": "^7.0.0",
        "safe-identifier": "^0.4.1"
      }
    },
    "node_modules/@messageformat/date-skeleton": {
      "version": "1.0.1",
      "resolved": "https://registry.npmjs.org/@messageformat/date-skeleton/-/date-skeleton-1.0.1.tgz",
      "integrity": "sha512-jPXy8fg+WMPIgmGjxSlnGJn68h/2InfT0TNSkVx0IGXgp4ynnvYkbZ51dGWmGySEK+pBiYUttbQdu5XEqX5CRg=="
    },
    "node_modules/@messageformat/number-skeleton": {
      "version": "1.1.0",
      "resolved": "https://registry.npmjs.org/@messageformat/number-skeleton/-/number-skeleton-1.1.0.tgz",
      "integrity": "sha512-F0Io+GOSvFFxvp9Ze3L5kAoZ2NnOAT0Mr/jpGNd3fqo8A0t4NxNIAcCdggtl2B/gN2ErkIKSBVPrF7xcW1IGvA=="
    },
    "node_modules/@messageformat/parser": {
      "version": "5.0.0",
      "resolved": "https://registry.npmjs.org/@messageformat/parser/-/parser-5.0.0.tgz",
      "integrity": "sha512-WiDKhi8F0zQaFU8cXgqq69eYFarCnTVxKcvhAONufKf0oUxbqLMW6JX6rV4Hqh+BEQWGyKKKHY4g1XA6bCLylA==",
      "dependencies": {
        "moo": "^0.5.1"
      }
    },
    "node_modules/@messageformat/runtime": {
      "version": "3.0.1",
      "resolved": "https://registry.npmjs.org/@messageformat/runtime/-/runtime-3.0.1.tgz",
      "integrity": "sha512-6RU5ol2lDtO8bD9Yxe6CZkl0DArdv0qkuoZC+ZwowU+cdRlVE1157wjCmlA5Rsf1Xc/brACnsZa5PZpEDfTFFg==",
      "dependencies": {
        "make-plural": "^7.0.0"
      }
    },
    "node_modules/boolean": {
      "version": "3.2.0",
      "resolved": "https://registry.npmjs.org/boolean/-/boolean-3.2.0.tgz",
      "integrity": "sha512-d0II/GO9uf9lfUHH2BQsjxzRJZBdsjgsBiW4BvhWk/3qoKwQFjIDVN19PfX8F2D/r9PCMTtLWjYVCFrpeYUzsw=="
    },
    "node_modules/debug": {
      "version": "4.3.4",
      "resolved": "https://registry.npmjs.org/debug/-/debug-4.3.4.tgz",
      "integrity": "sha512-PRWFHuSU3eDtQJPvnNY7Jcket1j0t5OuOsFzPPzsekD52Zl8qUfFIPEiswXqIvHWGVHOgX+7G/vCNNhehwxfkQ==",
      "dependencies": {
        "ms": "2.1.2"
      },
      "engines": {
        "node": ">=6.0"
      },
      "peerDependenciesMeta": {
        "supports-color": {
          "optional": true
        }
      }
    },
    "node_modules/fast-printf": {
      "version": "1.6.9",
      "resolved": "https://registry.npmjs.org/fast-printf/-/fast-printf-1.6.9.tgz",
      "integrity": "sha512-FChq8hbz65WMj4rstcQsFB0O7Cy++nmbNfLYnD9cYv2cRn8EG6k/MGn9kO/tjO66t09DLDugj3yL+V2o6Qftrg==",
      "dependencies": {
        "boolean": "^3.1.4"
      },
      "engines": {
        "node": ">=10.0"
      }
    },
    "node_modules/i18n": {
      "version": "0.15.1",
      "resolved": "https://registry.npmjs.org/i18n/-/i18n-0.15.1.tgz",
      "integrity": "sha512-yue187t8MqUPMHdKjiZGrX+L+xcUsDClGO0Cz4loaKUOK9WrGw5pgan4bv130utOwX7fHE9w2iUeHFalVQWkXA==",
      "dependencies": {
        "@messageformat/core": "^3.0.0",
        "debug": "^4.3.3",
        "fast-printf": "^1.6.9",
        "make-plural": "^7.0.0",
        "math-interval-parser": "^2.0.1",
        "mustache": "^4.2.0"
      },
      "engines": {
        "node": ">=10"
      },
      "funding": {
        "url": "https://github.com/sponsors/mashpie"
      }
    },
    "node_modules/make-plural": {
      "version": "7.3.0",
      "resolved": "https://registry.npmjs.org/make-plural/-/make-plural-7.3.0.tgz",
      "integrity": "sha512-/K3BC0KIsO+WK2i94LkMPv3wslMrazrQhfi5We9fMbLlLjzoOSJWr7TAdupLlDWaJcWxwoNosBkhFDejiu5VDw=="
    },
    "node_modules/math-interval-parser": {
      "version": "2.0.1",
      "resolved": "https://registry.npmjs.org/math-interval-parser/-/math-interval-parser-2.0.1.tgz",
      "integrity": "sha512-VmlAmb0UJwlvMyx8iPhXUDnVW1F9IrGEd9CIOmv+XL8AErCUUuozoDMrgImvnYt2A+53qVX/tPW6YJurMKYsvA==",
      "engines": {
        "node": ">=0.10.0"
      }
    },
    "node_modules/moo": {
      "version": "0.5.2",
      "resolved": "https://registry.npmjs.org/moo/-/moo-0.5.2.tgz",
      "integrity": "sha512-iSAJLHYKnX41mKcJKjqvnAN9sf0LMDTXDEvFv+ffuRR9a1MIuXLjMNL6EsnDHSkKLTWNqQQ5uo61P4EbU4NU+Q=="
    },
    "node_modules/ms": {
      "version": "2.1.2",
      "resolved": "https://registry.npmjs.org/ms/-/ms-2.1.2.tgz",
      "integrity": "sha512-sGkPx+VjMtmA6MX27oA4FBFELFCZZ4S4XqeGOXCv68tT+jb3vk/RyaKWP0PTKyWtmLSM0b+adUTEvbs1PEaH2w=="
    },
    "node_modules/mustache": {
      "version": "4.2.0",
      "resolved": "https://registry.npmjs.org/mustache/-/mustache-4.2.0.tgz",
      "integrity": "sha512-71ippSywq5Yb7/tVYyGbkBggbU8H3u5Rz56fH60jGFgr8uHwxs+aSKeqmluIVzM0m0kB7xQjKS6qPfd0b2ZoqQ==",
      "bin": {
        "mustache": "bin/mustache"
      }
    },
    "node_modules/safe-identifier": {
      "version": "0.4.2",
      "resolved": "https://registry.npmjs.org/safe-identifier/-/safe-identifier-0.4.2.tgz",
      "integrity": "sha512-6pNbSMW6OhAi9j+N8V+U715yBQsaWJ7eyEUaOrawX+isg5ZxhUlV1NipNtgaKHmFGiABwt+ZF04Ii+3Xjkg+8w=="
    }
  }
}
